// !$*UTF8*$!
{
	archiveVersion = 1;
	classes = {
	};
	objectVersion = 46;
	objects = {

/* Begin PBXBuildFile section */
		EC4DCB271E4D3A8C00302D5F /* AppDelegate.swift in Sources */ = {isa = PBXBuildFile; fileRef = EC4DCB261E4D3A8C00302D5F /* AppDelegate.swift */; };
		EC4DCB2C1E4D3A8C00302D5F /* Main.storyboard in Resources */ = {isa = PBXBuildFile; fileRef = EC4DCB2A1E4D3A8C00302D5F /* Main.storyboard */; };
		EC4DCB2E1E4D3A8C00302D5F /* Assets.xcassets in Resources */ = {isa = PBXBuildFile; fileRef = EC4DCB2D1E4D3A8C00302D5F /* Assets.xcassets */; };
		EC4DCB311E4D3A8C00302D5F /* LaunchScreen.storyboard in Resources */ = {isa = PBXBuildFile; fileRef = EC4DCB2F1E4D3A8C00302D5F /* LaunchScreen.storyboard */; };
		EC4DCB3A1E4F9DA100302D5F /* BucketListTableViewController.swift in Sources */ = {isa = PBXBuildFile; fileRef = EC4DCB391E4F9DA100302D5F /* BucketListTableViewController.swift */; };
		EC4DCB3C1E4FA19900302D5F /* BucketItem.swift in Sources */ = {isa = PBXBuildFile; fileRef = EC4DCB3B1E4FA19900302D5F /* BucketItem.swift */; };
		EC97F20E1E50BF7000DBCDE9 /* BucketListTableViewCell.swift in Sources */ = {isa = PBXBuildFile; fileRef = EC97F20D1E50BF7000DBCDE9 /* BucketListTableViewCell.swift */; };
		EC97F2101E50D96A00DBCDE9 /* AddItemViewController.swift in Sources */ = {isa = PBXBuildFile; fileRef = EC97F20F1E50D96A00DBCDE9 /* AddItemViewController.swift */; };
/* End PBXBuildFile section */

/* Begin PBXFileReference section */
		EC4DCB231E4D3A8C00302D5F /* UVa Bucket List.app */ = {isa = PBXFileReference; explicitFileType = wrapper.application; includeInIndex = 0; path = "UVa Bucket List.app"; sourceTree = BUILT_PRODUCTS_DIR; };
		EC4DCB261E4D3A8C00302D5F /* AppDelegate.swift */ = {isa = PBXFileReference; lastKnownFileType = sourcecode.swift; path = AppDelegate.swift; sourceTree = "<group>"; };
		EC4DCB2B1E4D3A8C00302D5F /* Base */ = {isa = PBXFileReference; lastKnownFileType = file.storyboard; name = Base; path = Base.lproj/Main.storyboard; sourceTree = "<group>"; };
		EC4DCB2D1E4D3A8C00302D5F /* Assets.xcassets */ = {isa = PBXFileReference; lastKnownFileType = folder.assetcatalog; path = Assets.xcassets; sourceTree = "<group>"; };
		EC4DCB301E4D3A8C00302D5F /* Base */ = {isa = PBXFileReference; lastKnownFileType = file.storyboard; name = Base; path = Base.lproj/LaunchScreen.storyboard; sourceTree = "<group>"; };
		EC4DCB321E4D3A8C00302D5F /* Info.plist */ = {isa = PBXFileReference; lastKnownFileType = text.plist.xml; path = Info.plist; sourceTree = "<group>"; };
		EC4DCB391E4F9DA100302D5F /* BucketListTableViewController.swift */ = {isa = PBXFileReference; fileEncoding = 4; lastKnownFileType = sourcecode.swift; path = BucketListTableViewController.swift; sourceTree = "<group>"; };
		EC4DCB3B1E4FA19900302D5F /* BucketItem.swift */ = {isa = PBXFileReference; fileEncoding = 4; lastKnownFileType = sourcecode.swift; path = BucketItem.swift; sourceTree = "<group>"; };
		EC97F20D1E50BF7000DBCDE9 /* BucketListTableViewCell.swift */ = {isa = PBXFileReference; fileEncoding = 4; lastKnownFileType = sourcecode.swift; path = BucketListTableViewCell.swift; sourceTree = "<group>"; };
		EC97F20F1E50D96A00DBCDE9 /* AddItemViewController.swift */ = {isa = PBXFileReference; fileEncoding = 4; lastKnownFileType = sourcecode.swift; path = AddItemViewController.swift; sourceTree = "<group>"; };
/* End PBXFileReference section */

/* Begin PBXFrameworksBuildPhase section */
		EC4DCB201E4D3A8C00302D5F /* Frameworks */ = {
			isa = PBXFrameworksBuildPhase;
			buildActionMask = 2147483647;
			files = (
			);
			runOnlyForDeploymentPostprocessing = 0;
		};
/* End PBXFrameworksBuildPhase section */

/* Begin PBXGroup section */
		EC4DCB1A1E4D3A8C00302D5F = {
			isa = PBXGroup;
			children = (
				EC4DCB251E4D3A8C00302D5F /* UVa Bucket List */,
				EC4DCB241E4D3A8C00302D5F /* Products */,
			);
			sourceTree = "<group>";
		};
		EC4DCB241E4D3A8C00302D5F /* Products */ = {
			isa = PBXGroup;
			children = (
				EC4DCB231E4D3A8C00302D5F /* UVa Bucket List.app */,
			);
			name = Products;
			sourceTree = "<group>";
		};
		EC4DCB251E4D3A8C00302D5F /* UVa Bucket List */ = {
			isa = PBXGroup;
			children = (
				EC4DCB2A1E4D3A8C00302D5F /* Main.storyboard */,
				EC4DCB391E4F9DA100302D5F /* BucketListTableViewController.swift */,
				EC97F20D1E50BF7000DBCDE9 /* BucketListTableViewCell.swift */,
				EC4DCB3B1E4FA19900302D5F /* BucketItem.swift */,
				EC4DCB381E4D3AC000302D5F /* Supporting files */,
				EC97F20F1E50D96A00DBCDE9 /* AddItemViewController.swift */,
			);
			path = "UVa Bucket List";
			sourceTree = "<group>";
		};
		EC4DCB381E4D3AC000302D5F /* Supporting files */ = {
			isa = PBXGroup;
			children = (
				EC4DCB321E4D3A8C00302D5F /* Info.plist */,
				EC4DCB2D1E4D3A8C00302D5F /* Assets.xcassets */,
				EC4DCB2F1E4D3A8C00302D5F /* LaunchScreen.storyboard */,
				EC4DCB261E4D3A8C00302D5F /* AppDelegate.swift */,
			);
			name = "Supporting files";
			sourceTree = "<group>";
		};
/* End PBXGroup section */

/* Begin PBXNativeTarget section */
		EC4DCB221E4D3A8C00302D5F /* UVa Bucket List */ = {
			isa = PBXNativeTarget;
			buildConfigurationList = EC4DCB351E4D3A8C00302D5F /* Build configuration list for PBXNativeTarget "UVa Bucket List" */;
			buildPhases = (
				EC4DCB1F1E4D3A8C00302D5F /* Sources */,
				EC4DCB201E4D3A8C00302D5F /* Frameworks */,
				EC4DCB211E4D3A8C00302D5F /* Resources */,
			);
			buildRules = (
			);
			dependencies = (
			);
			name = "UVa Bucket List";
			productName = "UVa Bucket List";
			productReference = EC4DCB231E4D3A8C00302D5F /* UVa Bucket List.app */;
			productType = "com.apple.product-type.application";
		};
/* End PBXNativeTarget section */

/* Begin PBXProject section */
		EC4DCB1B1E4D3A8C00302D5F /* Project object */ = {
			isa = PBXProject;
			attributes = {
				LastSwiftUpdateCheck = 0820;
				LastUpgradeCheck = 0820;
				ORGANIZATIONNAME = "Haoyang Li";
				TargetAttributes = {
					EC4DCB221E4D3A8C00302D5F = {
						CreatedOnToolsVersion = 8.2.1;
						DevelopmentTeam = HUEF2FL73M;
						ProvisioningStyle = Automatic;
					};
				};
			};
			buildConfigurationList = EC4DCB1E1E4D3A8C00302D5F /* Build configuration list for PBXProject "UVa Bucket List" */;
			compatibilityVersion = "Xcode 3.2";
			developmentRegion = English;
			hasScannedForEncodings = 0;
			knownRegions = (
				en,
				Base,
			);
			mainGroup = EC4DCB1A1E4D3A8C00302D5F;
			productRefGroup = EC4DCB241E4D3A8C00302D5F /* Products */;
			projectDirPath = "";
			projectRoot = "";
			targets = (
				EC4DCB221E4D3A8C00302D5F /* UVa Bucket List */,
			);
		};
/* End PBXProject section */

/* Begin PBXResourcesBuildPhase section */
		EC4DCB211E4D3A8C00302D5F /* Resources */ = {
			isa = PBXResourcesBuildPhase;
			buildActionMask = 2147483647;
			files = (
				EC4DCB311E4D3A8C00302D5F /* LaunchScreen.storyboard in Resources */,
				EC4DCB2E1E4D3A8C00302D5F /* Assets.xcassets in Resources */,
				EC4DCB2C1E4D3A8C00302D5F /* Main.storyboard in Resources */,
			);
			runOnlyForDeploymentPostprocessing = 0;
		};
/* End PBXResourcesBuildPhase section */

/* Begin PBXSourcesBuildPhase section */
		EC4DCB1F1E4D3A8C00302D5F /* Sources */ = {
			isa = PBXSourcesBuildPhase;
			buildActionMask = 2147483647;
			files = (
				EC97F2101E50D96A00DBCDE9 /* AddItemViewController.swift in Sources */,
				EC4DCB3C1E4FA19900302D5F /* BucketItem.swift in Sources */,
				EC97F20E1E50BF7000DBCDE9 /* BucketListTableViewCell.swift in Sources */,
				EC4DCB271E4D3A8C00302D5F /* AppDelegate.swift in Sources */,
				EC4DCB3A1E4F9DA100302D5F /* BucketListTableViewController.swift in Sources */,
			);
			runOnlyForDeploymentPostprocessing = 0;
		};
/* End PBXSourcesBuildPhase section */

/* Begin PBXVariantGroup section */
		EC4DCB2A1E4D3A8C00302D5F /* Main.storyboard */ = {
			isa = PBXVariantGroup;
			children = (
				EC4DCB2B1E4D3A8C00302D5F /* Base */,
			);
			name = Main.storyboard;
			sourceTree = "<group>";
		};
		EC4DCB2F1E4D3A8C00302D5F /* LaunchScreen.storyboard */ = {
			isa = PBXVariantGroup;
			children = (
				EC4DCB301E4D3A8C00302D5F /* Base */,
			);
			name = LaunchScreen.storyboard;
			sourceTree = "<group>";
		};
/* End PBXVariantGroup section */

/* Begin XCBuildConfiguration section */
		EC4DCB331E4D3A8C00302D5F /* Debug */ = {
			isa = XCBuildConfiguration;
			buildSettings = {
				ALWAYS_SEARCH_USER_PATHS = NO;
				CLANG_ANALYZER_NONNULL = YES;
				CLANG_CXX_LANGUAGE_STANDARD = "gnu++0x";
				CLANG_CXX_LIBRARY = "libc++";
				CLANG_ENABLE_MODULES = YES;
				CLANG_ENABLE_OBJC_ARC = YES;
				CLANG_WARN_BOOL_CONVERSION = YES;
				CLANG_WARN_CONSTANT_CONVERSION = YES;
				CLANG_WARN_DIRECT_OBJC_ISA_USAGE = YES_ERROR;
				CLANG_WARN_DOCUMENTATION_COMMENTS = YES;
				CLANG_WARN_EMPTY_BODY = YES;
				CLANG_WARN_ENUM_CONVERSION = YES;
				CLANG_WARN_INFINITE_RECURSION = YES;
				CLANG_WARN_INT_CONVERSION = YES;
				CLANG_WARN_OBJC_ROOT_CLASS = YES_ERROR;
				CLANG_WARN_SUSPICIOUS_MOVE = YES;
				CLANG_WARN_UNREACHABLE_CODE = YES;
				CLANG_WARN__DUPLICATE_METHOD_MATCH = YES;
				"CODE_SIGN_IDENTITY[sdk=iphoneos*]" = "iPhone Developer";
				COPY_PHASE_STRIP = NO;
				DEBUG_INFORMATION_FORMAT = dwarf;
				ENABLE_STRICT_OBJC_MSGSEND = YES;
				ENABLE_TESTABILITY = YES;
				GCC_C_LANGUAGE_STANDARD = gnu99;
				GCC_DYNAMIC_NO_PIC = NO;
				GCC_NO_COMMON_BLOCKS = YES;
				GCC_OPTIMIZATION_LEVEL = 0;
				GCC_PREPROCESSOR_DEFINITIONS = (
					"DEBUG=1",
					"$(inherited)",
				);
				GCC_WARN_64_TO_32_BIT_CONVERSION = YES;
				GCC_WARN_ABOUT_RETURN_TYPE = YES_ERROR;
				GCC_WARN_UNDECLARED_SELECTOR = YES;
				GCC_WARN_UNINITIALIZED_AUTOS = YES_AGGRESSIVE;
				GCC_WARN_UNUSED_FUNCTION = YES;
				GCC_WARN_UNUSED_VARIABLE = YES;
				IPHONEOS_DEPLOYMENT_TARGET = 10.2;
				MTL_ENABLE_DEBUG_INFO = YES;
				ONLY_ACTIVE_ARCH = YES;
				SDKROOT = iphoneos;
				SWIFT_ACTIVE_COMPILATION_CONDITIONS = DEBUG;
				SWIFT_OPTIMIZATION_LEVEL = "-Onone";
				TARGETED_DEVICE_FAMILY = "1,2";
			};
			name = Debug;
		};
		EC4DCB341E4D3A8C00302D5F /* Release */ = {
			isa = XCBuildConfiguration;
			buildSettings = {
				ALWAYS_SEARCH_USER_PATHS = NO;
				CLANG_ANALYZER_NONNULL = YES;
				CLANG_CXX_LANGUAGE_STANDARD = "gnu++0x";
				CLANG_CXX_LIBRARY = "libc++";
				CLANG_ENABLE_MODULES = YES;
				CLANG_ENABLE_OBJC_ARC = YES;
				CLANG_WARN_BOOL_CONVERSION = YES;
				CLANG_WARN_CONSTANT_CONVERSION = YES;
				CLANG_WARN_DIRECT_OBJC_ISA_USAGE = YES_ERROR;
				CLANG_WARN_DOCUMENTATION_COMMENTS = YES;
				CLANG_WARN_EMPTY_BODY = YES;
				CLANG_WARN_ENUM_CONVERSION = YES;
				CLANG_WARN_INFINITE_RECURSION = YES;
				CLANG_WARN_INT_CONVERSION = YES;
				CLANG_WARN_OBJC_ROOT_CLASS = YES_ERROR;
				CLANG_WARN_SUSPICIOUS_MOVE = YES;
				CLANG_WARN_UNREACHABLE_CODE = YES;
				CLANG_WARN__DUPLICATE_METHOD_MATCH = YES;
				"CODE_SIGN_IDENTITY[sdk=iphoneos*]" = "iPhone Developer";
				COPY_PHASE_STRIP = NO;
				DEBUG_INFORMATION_FORMAT = "dwarf-with-dsym";
				ENABLE_NS_ASSERTIONS = NO;
				ENABLE_STRICT_OBJC_MSGSEND = YES;
				GCC_C_LANGUAGE_STANDARD = gnu99;
				GCC_NO_COMMON_BLOCKS = YES;
				GCC_WARN_64_TO_32_BIT_CONVERSION = YES;
				GCC_WARN_ABOUT_RETURN_TYPE = YES_ERROR;
				GCC_WARN_UNDECLARED_SELECTOR = YES;
				GCC_WARN_UNINITIALIZED_AUTOS = YES_AGGRESSIVE;
				GCC_WARN_UNUSED_FUNCTION = YES;
				GCC_WARN_UNUSED_VARIABLE = YES;
				IPHONEOS_DEPLOYMENT_TARGET = 10.2;
				MTL_ENABLE_DEBUG_INFO = NO;
				SDKROOT = iphoneos;
				SWIFT_OPTIMIZATION_LEVEL = "-Owholemodule";
				TARGETED_DEVICE_FAMILY = "1,2";
				VALIDATE_PRODUCT = YES;
			};
			name = Release;
		};
		EC4DCB361E4D3A8C00302D5F /* Debug */ = {
			isa = XCBuildConfiguration;
			buildSettings = {
				ASSETCATALOG_COMPILER_APPICON_NAME = AppIcon;
				DEVELOPMENT_TEAM = HUEF2FL73M;
				INFOPLIST_FILE = "UVa Bucket List/Info.plist";
				LD_RUNPATH_SEARCH_PATHS = "$(inherited) @executable_path/Frameworks";
				PRODUCT_BUNDLE_IDENTIFIER = "edu.virginia.hl3fm.UVa-Bucket-List";
				PRODUCT_NAME = "$(TARGET_NAME)";
				SWIFT_VERSION = 3.0;
			};
			name = Debug;
		};
		EC4DCB371E4D3A8C00302D5F /* Release */ = {
			isa = XCBuildConfiguration;
			buildSettings = {
				ASSETCATALOG_COMPILER_APPICON_NAME = AppIcon;
				DEVELOPMENT_TEAM = HUEF2FL73M;
				INFOPLIST_FILE = "UVa Bucket List/Info.plist";
				LD_RUNPATH_SEARCH_PATHS = "$(inherited) @executable_path/Frameworks";
				PRODUCT_BUNDLE_IDENTIFIER = "edu.virginia.hl3fm.UVa-Bucket-List";
				PRODUCT_NAME = "$(TARGET_NAME)";
				SWIFT_VERSION = 3.0;
			};
			name = Release;
		};
/* End XCBuildConfiguration section */

/* Begin XCConfigurationList section */
		EC4DCB1E1E4D3A8C00302D5F /* Build configuration list for PBXProject "UVa Bucket List" */ = {
			isa = XCConfigurationList;
			buildConfigurations = (
				EC4DCB331E4D3A8C00302D5F /* Debug */,
				EC4DCB341E4D3A8C00302D5F /* Release */,
			);
			defaultConfigurationIsVisible = 0;
			defaultConfigurationName = Release;
		};
		EC4DCB351E4D3A8C00302D5F /* Build configuration list for PBXNativeTarget "UVa Bucket List" */ = {
			isa = XCConfigurationList;
			buildConfigurations = (
				EC4DCB361E4D3A8C00302D5F /* Debug */,
				EC4DCB371E4D3A8C00302D5F /* Release */,
			);
			defaultConfigurationIsVisible = 0;
			defaultConfigurationName = Release;
		};
/* End XCConfigurationList section */
	};
	rootObject = EC4DCB1B1E4D3A8C00302D5F /* Project object */;
}
